
Microsoft Visual Studio Solution File, Format Version 12.00
# Visual Studio 15
VisualStudioVersion = 15.0.27130.2020
MinimumVisualStudioVersion = 10.0.40219.1
Project("{FAE04EC0-301F-11D3-BF4B-00C04F79EFBC}") = "TestContainer", "TestContainer\TestContainer.csproj", "{579CE289-ED9A-4E43-8158-B0C6BB083E90}"
EndProject
Global
	GlobalSection(SolutionConfigurationPlatforms) = preSolution
		Debug|Any CPU = Debug|Any CPU
		Release|Any CPU = Release|Any CPU
	EndGlobalSection
	GlobalSection(ProjectConfigurationPlatforms) = postSolution
		{579CE289-ED9A-4E43-8158-B0C6BB083E90}.Debug|Any CPU.ActiveCfg = Debug|Any CPU
		{579CE289-ED9A-4E43-8158-B0C6BB083E90}.Debug|Any CPU.Build.0 = Debug|Any CPU
		{579CE289-ED9A-4E43-8158-B0C6BB083E90}.Release|Any CPU.ActiveCfg = Release|Any CPU
		{579CE289-ED9A-4E43-8158-B0C6BB083E90}.Release|Any CPU.Build.0 = Release|Any CPU
	EndGlobalSection
	GlobalSection(SolutionProperties) = preSolution
		HideSolutionNode = FALSE
	EndGlobalSection
	GlobalSection(ExtensibilityGlobals) = postSolution
		SolutionGuid = {54A28B67-FCF3-4EF2-966B-494F12307C02}
	EndGlobalSection
EndGlobal
